# THIS IS AN AUTOGENERATED FILE. DO NOT EDIT THIS FILE DIRECTLY.
# yarn lockfile v1


"@react-native-firebase/auth@^10.1.0":
  version "10.1.0"
  resolved "https://registry.yarnpkg.com/@react-native-firebase/auth/-/auth-10.1.0.tgz#95584a428b52bef4850ff8ba47f8fb23e4e1e71d"
  integrity sha512-Oeftl0x22NjnvnpK9iyQC/zVZ5blbSI4iQ0emmj17w1IMvWpJ0Z4bpe5p1RlXRDqAFdP7/y3MXx6VEoakcupkw==
